// !$*UTF8*$!
{
	archiveVersion = 1;
	classes = {
	};
	objectVersion = 46;
	objects = {

/* Begin PBXBuildFile section */
		D3C25A381C4F388600D3A3DA /* AppDelegate.swift in Sources */ = {isa = PBXBuildFile; fileRef = D3C25A371C4F388600D3A3DA /* AppDelegate.swift */; };
		D3C25A3A1C4F388600D3A3DA /* ViewController.swift in Sources */ = {isa = PBXBuildFile; fileRef = D3C25A391C4F388600D3A3DA /* ViewController.swift */; };
		D3C25A3D1C4F388600D3A3DA /* Main.storyboard in Resources */ = {isa = PBXBuildFile; fileRef = D3C25A3B1C4F388600D3A3DA /* Main.storyboard */; };
		D3C25A3F1C4F388600D3A3DA /* Assets.xcassets in Resources */ = {isa = PBXBuildFile; fileRef = D3C25A3E1C4F388600D3A3DA /* Assets.xcassets */; };
		D3C25A641C4F3AD200D3A3DA /* CardStyleTableViewCell.framework in Frameworks */ = {isa = PBXBuildFile; fileRef = D3C25A631C4F3AD200D3A3DA /* CardStyleTableViewCell.framework */; };
		D3C25A651C4F3AD200D3A3DA /* CardStyleTableViewCell.framework in Embed Frameworks */ = {isa = PBXBuildFile; fileRef = D3C25A631C4F3AD200D3A3DA /* CardStyleTableViewCell.framework */; settings = {ATTRIBUTES = (CodeSignOnCopy, RemoveHeadersOnCopy, ); }; };
/* End PBXBuildFile section */

/* Begin PBXCopyFilesBuildPhase section */
		D3C25A661C4F3AD200D3A3DA /* Embed Frameworks */ = {
			isa = PBXCopyFilesBuildPhase;
			buildActionMask = 2147483647;
			dstPath = "";
			dstSubfolderSpec = 10;
			files = (
				D3C25A651C4F3AD200D3A3DA /* CardStyleTableViewCell.framework in Embed Frameworks */,
			);
			name = "Embed Frameworks";
			runOnlyForDeploymentPostprocessing = 0;
		};
/* End PBXCopyFilesBuildPhase section */

/* Begin PBXFileReference section */
		D3C25A341C4F388600D3A3DA /* CardStyleTableViewCellExample.app */ = {isa = PBXFileReference; explicitFileType = wrapper.application; includeInIndex = 0; path = CardStyleTableViewCellExample.app; sourceTree = BUILT_PRODUCTS_DIR; };
		D3C25A371C4F388600D3A3DA /* AppDelegate.swift */ = {isa = PBXFileReference; lastKnownFileType = sourcecode.swift; path = AppDelegate.swift; sourceTree = "<group>"; };
		D3C25A391C4F388600D3A3DA /* ViewController.swift */ = {isa = PBXFileReference; lastKnownFileType = sourcecode.swift; path = ViewController.swift; sourceTree = "<group>"; };
		D3C25A3C1C4F388600D3A3DA /* Base */ = {isa = PBXFileReference; lastKnownFileType = file.storyboard; name = Base; path = Base.lproj/Main.storyboard; sourceTree = "<group>"; };
		D3C25A3E1C4F388600D3A3DA /* Assets.xcassets */ = {isa = PBXFileReference; lastKnownFileType = folder.assetcatalog; path = Assets.xcassets; sourceTree = "<group>"; };
		D3C25A431C4F388600D3A3DA /* Info.plist */ = {isa = PBXFileReference; lastKnownFileType = text.plist.xml; path = Info.plist; sourceTree = "<group>"; };
		D3C25A631C4F3AD200D3A3DA /* CardStyleTableViewCell.framework */ = {isa = PBXFileReference; explicitFileType = wrapper.framework; name = CardStyleTableViewCell.framework; path = "/Users/hongxin/Library/Developer/Xcode/DerivedData/CardStyleTableViewCell-hhtwvfypiwkxrebtbkyoqywpsnhe/Build/Products/Debug-iphoneos/CardStyleTableViewCell.framework"; sourceTree = "<absolute>"; };
/* End PBXFileReference section */

/* Begin PBXFrameworksBuildPhase section */
		D3C25A311C4F388600D3A3DA /* Frameworks */ = {
			isa = PBXFrameworksBuildPhase;
			buildActionMask = 2147483647;
			files = (
				D3C25A641C4F3AD200D3A3DA /* CardStyleTableViewCell.framework in Frameworks */,
			);
			runOnlyForDeploymentPostprocessing = 0;
		};
/* End PBXFrameworksBuildPhase section */

/* Begin PBXGroup section */
		D3C25A2B1C4F388600D3A3DA = {
			isa = PBXGroup;
			children = (
				D3C25A631C4F3AD200D3A3DA /* CardStyleTableViewCell.framework */,
				D3C25A361C4F388600D3A3DA /* CardStyleTableViewCellExample */,
				D3C25A351C4F388600D3A3DA /* Products */,
			);
			sourceTree = "<group>";
		};
		D3C25A351C4F388600D3A3DA /* Products */ = {
			isa = PBXGroup;
			children = (
				D3C25A341C4F388600D3A3DA /* CardStyleTableViewCellExample.app */,
			);
			name = Products;
			sourceTree = "<group>";
		};
		D3C25A361C4F388600D3A3DA /* CardStyleTableViewCellExample */ = {
			isa = PBXGroup;
			children = (
				D3C25A371C4F388600D3A3DA /* AppDelegate.swift */,
				D3C25A391C4F388600D3A3DA /* ViewController.swift */,
				D3C25A3B1C4F388600D3A3DA /* Main.storyboard */,
				D3C25A3E1C4F388600D3A3DA /* Assets.xcassets */,
				D3C25A431C4F388600D3A3DA /* Info.plist */,
			);
			path = CardStyleTableViewCellExample;
			sourceTree = "<group>";
		};
/* End PBXGroup section */

/* Begin PBXNativeTarget section */
		D3C25A331C4F388600D3A3DA /* CardStyleTableViewCellExample */ = {
			isa = PBXNativeTarget;
			buildConfigurationList = D3C25A461C4F388600D3A3DA /* Build configuration list for PBXNativeTarget "CardStyleTableViewCellExample" */;
			buildPhases = (
				D3C25A301C4F388600D3A3DA /* Sources */,
				D3C25A311C4F388600D3A3DA /* Frameworks */,
				D3C25A321C4F388600D3A3DA /* Resources */,
				D3C25A661C4F3AD200D3A3DA /* Embed Frameworks */,
			);
			buildRules = (
			);
			dependencies = (
			);
			name = CardStyleTableViewCellExample;
			productName = CardStyleTableViewCell;
			productReference = D3C25A341C4F388600D3A3DA /* CardStyleTableViewCellExample.app */;
			productType = "com.apple.product-type.application";
		};
/* End PBXNativeTarget section */

/* Begin PBXProject section */
		D3C25A2C1C4F388600D3A3DA /* Project object */ = {
			isa = PBXProject;
			attributes = {
				LastSwiftUpdateCheck = 0720;
				LastUpgradeCheck = 0720;
				ORGANIZATIONNAME = Teambition;
				TargetAttributes = {
					D3C25A331C4F388600D3A3DA = {
						CreatedOnToolsVersion = 7.2;
					};
				};
			};
			buildConfigurationList = D3C25A2F1C4F388600D3A3DA /* Build configuration list for PBXProject "CardStyleTableViewCellExample" */;
			compatibilityVersion = "Xcode 3.2";
			developmentRegion = English;
			hasScannedForEncodings = 0;
			knownRegions = (
				en,
				Base,
			);
			mainGroup = D3C25A2B1C4F388600D3A3DA;
			productRefGroup = D3C25A351C4F388600D3A3DA /* Products */;
			projectDirPath = "";
			projectRoot = "";
			targets = (
				D3C25A331C4F388600D3A3DA /* CardStyleTableViewCellExample */,
			);
		};
/* End PBXProject section */

/* Begin PBXResourcesBuildPhase section */
		D3C25A321C4F388600D3A3DA /* Resources */ = {
			isa = PBXResourcesBuildPhase;
			buildActionMask = 2147483647;
			files = (
				D3C25A3F1C4F388600D3A3DA /* Assets.xcassets in Resources */,
				D3C25A3D1C4F388600D3A3DA /* Main.storyboard in Resources */,
			);
			runOnlyForDeploymentPostprocessing = 0;
		};
/* End PBXResourcesBuildPhase section */

/* Begin PBXSourcesBuildPhase section */
		D3C25A301C4F388600D3A3DA /* Sources */ = {
			isa = PBXSourcesBuildPhase;
			buildActionMask = 2147483647;
			files = (
				D3C25A3A1C4F388600D3A3DA /* ViewController.swift in Sources */,
				D3C25A381C4F388600D3A3DA /* AppDelegate.swift in Sources */,
			);
			runOnlyForDeploymentPostprocessing = 0;
		};
/* End PBXSourcesBuildPhase section */

/* Begin PBXVariantGroup section */
		D3C25A3B1C4F388600D3A3DA /* Main.storyboard */ = {
			isa = PBXVariantGroup;
			children = (
				D3C25A3C1C4F388600D3A3DA /* Base */,
			);
			name = Main.storyboard;
			sourceTree = "<group>";
		};
/* End PBXVariantGroup section */

/* Begin XCBuildConfiguration section */
		D3C25A441C4F388600D3A3DA /* Debug */ = {
			isa = XCBuildConfiguration;
			buildSettings = {
				ALWAYS_SEARCH_USER_PATHS = NO;
				CLANG_CXX_LANGUAGE_STANDARD = "gnu++0x";
				CLANG_CXX_LIBRARY = "libc++";
				CLANG_ENABLE_MODULES = YES;
				CLANG_ENABLE_OBJC_ARC = YES;
				CLANG_WARN_BOOL_CONVERSION = YES;
				CLANG_WARN_CONSTANT_CONVERSION = YES;
				CLANG_WARN_DIRECT_OBJC_ISA_USAGE = YES_ERROR;
				CLANG_WARN_EMPTY_BODY = YES;
				CLANG_WARN_ENUM_CONVERSION = YES;
				CLANG_WARN_INT_CONVERSION = YES;
				CLANG_WARN_OBJC_ROOT_CLASS = YES_ERROR;
				CLANG_WARN_UNREACHABLE_CODE = YES;
				CLANG_WARN__DUPLICATE_METHOD_MATCH = YES;
				"CODE_SIGN_IDENTITY[sdk=iphoneos*]" = "iPhone Developer";
				COPY_PHASE_STRIP = NO;
				DEBUG_INFORMATION_FORMAT = dwarf;
				ENABLE_STRICT_OBJC_MSGSEND = YES;
				ENABLE_TESTABILITY = YES;
				GCC_C_LANGUAGE_STANDARD = gnu99;
				GCC_DYNAMIC_NO_PIC = NO;
				GCC_NO_COMMON_BLOCKS = YES;
				GCC_OPTIMIZATION_LEVEL = 0;
				GCC_PREPROCESSOR_DEFINITIONS = (
					"DEBUG=1",
					"$(inherited)",
				);
				GCC_WARN_64_TO_32_BIT_CONVERSION = YES;
				GCC_WARN_ABOUT_RETURN_TYPE = YES_ERROR;
				GCC_WARN_UNDECLARED_SELECTOR = YES;
				GCC_WARN_UNINITIALIZED_AUTOS = YES_AGGRESSIVE;
				GCC_WARN_UNUSED_FUNCTION = YES;
				GCC_WARN_UNUSED_VARIABLE = YES;
				IPHONEOS_DEPLOYMENT_TARGET = 8.0;
				MTL_ENABLE_DEBUG_INFO = YES;
				ONLY_ACTIVE_ARCH = YES;
				SDKROOT = iphoneos;
				SWIFT_OPTIMIZATION_LEVEL = "-Onone";
				TARGETED_DEVICE_FAMILY = "1,2";
			};
			name = Debug;
		};
		D3C25A451C4F388600D3A3DA /* Release */ = {
			isa = XCBuildConfiguration;
			buildSettings = {
				ALWAYS_SEARCH_USER_PATHS = NO;
				CLANG_CXX_LANGUAGE_STANDARD = "gnu++0x";
				CLANG_CXX_LIBRARY = "libc++";
				CLANG_ENABLE_MODULES = YES;
				CLANG_ENABLE_OBJC_ARC = YES;
				CLANG_WARN_BOOL_CONVERSION = YES;
				CLANG_WARN_CONSTANT_CONVERSION = YES;
				CLANG_WARN_DIRECT_OBJC_ISA_USAGE = YES_ERROR;
				CLANG_WARN_EMPTY_BODY = YES;
				CLANG_WARN_ENUM_CONVERSION = YES;
				CLANG_WARN_INT_CONVERSION = YES;
				CLANG_WARN_OBJC_ROOT_CLASS = YES_ERROR;
				CLANG_WARN_UNREACHABLE_CODE = YES;
				CLANG_WARN__DUPLICATE_METHOD_MATCH = YES;
				"CODE_SIGN_IDENTITY[sdk=iphoneos*]" = "iPhone Developer";
				COPY_PHASE_STRIP = NO;
				DEBUG_INFORMATION_FORMAT = "dwarf-with-dsym";
				ENABLE_NS_ASSERTIONS = NO;
				ENABLE_STRICT_OBJC_MSGSEND = YES;
				GCC_C_LANGUAGE_STANDARD = gnu99;
				GCC_NO_COMMON_BLOCKS = YES;
				GCC_WARN_64_TO_32_BIT_CONVERSION = YES;
				GCC_WARN_ABOUT_RETURN_TYPE = YES_ERROR;
				GCC_WARN_UNDECLARED_SELECTOR = YES;
				GCC_WARN_UNINITIALIZED_AUTOS = YES_AGGRESSIVE;
				GCC_WARN_UNUSED_FUNCTION = YES;
				GCC_WARN_UNUSED_VARIABLE = YES;
				IPHONEOS_DEPLOYMENT_TARGET = 8.0;
				MTL_ENABLE_DEBUG_INFO = NO;
				SDKROOT = iphoneos;
				TARGETED_DEVICE_FAMILY = "1,2";
				VALIDATE_PRODUCT = YES;
			};
			name = Release;
		};
		D3C25A471C4F388600D3A3DA /* Debug */ = {
			isa = XCBuildConfiguration;
			buildSettings = {
				ASSETCATALOG_COMPILER_APPICON_NAME = AppIcon;
				INFOPLIST_FILE = "$(SRCROOT)/CardStyleTableViewCellExample/Info.plist";
				LD_RUNPATH_SEARCH_PATHS = "$(inherited) @executable_path/Frameworks";
				PRODUCT_BUNDLE_IDENTIFIER = Teambition.CardStyleTableViewCellExample;
				PRODUCT_NAME = CardStyleTableViewCellExample;
			};
			name = Debug;
		};
		D3C25A481C4F388600D3A3DA /* Release */ = {
			isa = XCBuildConfiguration;
			buildSettings = {
				ASSETCATALOG_COMPILER_APPICON_NAME = AppIcon;
				INFOPLIST_FILE = "$(SRCROOT)/CardStyleTableViewCellExample/Info.plist";
				LD_RUNPATH_SEARCH_PATHS = "$(inherited) @executable_path/Frameworks";
				PRODUCT_BUNDLE_IDENTIFIER = Teambition.CardStyleTableViewCellExample;
				PRODUCT_NAME = CardStyleTableViewCellExample;
			};
			name = Release;
		};
/* End XCBuildConfiguration section */

/* Begin XCConfigurationList section */
		D3C25A2F1C4F388600D3A3DA /* Build configuration list for PBXProject "CardStyleTableViewCellExample" */ = {
			isa = XCConfigurationList;
			buildConfigurations = (
				D3C25A441C4F388600D3A3DA /* Debug */,
				D3C25A451C4F388600D3A3DA /* Release */,
			);
			defaultConfigurationIsVisible = 0;
			defaultConfigurationName = Release;
		};
		D3C25A461C4F388600D3A3DA /* Build configuration list for PBXNativeTarget "CardStyleTableViewCellExample" */ = {
			isa = XCConfigurationList;
			buildConfigurations = (
				D3C25A471C4F388600D3A3DA /* Debug */,
				D3C25A481C4F388600D3A3DA /* Release */,
			);
			defaultConfigurationIsVisible = 0;
			defaultConfigurationName = Release;
		};
/* End XCConfigurationList section */
	};
	rootObject = D3C25A2C1C4F388600D3A3DA /* Project object */;
}
